{
  "version": 2,
  "dependencies": {
    "net10.0": {
      "KubernetesClient": {
        "type": "Direct",
        "requested": "[19.0.2, )",
        "resolved": "19.0.2",
        "contentHash": "0m8FuzCDBygaXMbsb7qVapNZzTm4ftM7ECp/waTRh/XOUQziRF2rKJCRmsvYbBXgJkQvU+FBbkoa40hexzDC+g==",
        "dependencies": {
          "Fractions": "7.3.0",
          "YamlDotNet": "16.3.0"
        }
      },
      "Microsoft.SourceLink.GitHub": {
        "type": "Direct",
        "requested": "[10.0.300, )",
        "resolved": "10.0.300",
        "contentHash": "QzCtLkXVb3l4IxcpvJCbzUwMLihAmLN6vVLjQGSzYSF8d2dvXxqJAZk83RV3gYnp2egz8jRMgSR2woY3vOahTA==",
        "dependencies": {
          "Microsoft.Build.Tasks.Git": "10.0.300",
          "Microsoft.SourceLink.Common": "10.0.300",
          "System.IO.Hashing": "10.0.8"
        }
      },
      "Testcontainers.K3s": {
        "type": "Direct",
        "requested": "[4.12.0, )",
        "resolved": "4.12.0",
        "contentHash": "VTIPqlD4F+O82L8zCTpbUNbokqs9/sH6An7AUKjF8hRFOBLQGF4i658OAbsxxg4Be0lexbx1/xaDcXDHzaQF6Q==",
        "dependencies": {
          "Testcontainers": "4.12.0"
        }
      },
      "TUnit": {
        "type": "Direct",
        "requested": "[1.51.0, )",
        "resolved": "1.51.0",
        "contentHash": "eW71r7KNjub1I1O4m7LeLjj1NsgB87RBTeY33/of3mvNyQSsi8SDmwmmVM7vfih+Bv2JXugfXWQqL5vXgJ/E0g==",
        "dependencies": {
          "Microsoft.Testing.Extensions.CodeCoverage": "18.7.0",
          "Microsoft.Testing.Extensions.Telemetry": "2.2.3",
          "Microsoft.Testing.Extensions.TrxReport": "2.2.3",
          "TUnit.Assertions": "1.51.0",
          "TUnit.Engine": "1.51.0"
        }
      },
      "BouncyCastle.Cryptography": {
        "type": "Transitive",
        "resolved": "2.6.2",
        "contentHash": "7oWOcvnntmMKNzDLsdxAYqApt+AjpRpP2CShjMfIa3umZ42UQMvH0tl1qAliYPNYO6vTdcGMqnRrCPmsfzTI1w=="
      },
      "Docker.DotNet.Enhanced": {
        "type": "Transitive",
        "resolved": "4.2.0",
        "contentHash": "tm2V/DpnaURbBhMQ7Z3orNR3u+H863KQuYfA/sgGjI5py07dEeV0I02f6pGrx2869KG9uNM/E96puf9i0gId2w==",
        "dependencies": {
          "Docker.DotNet.Enhanced.Handler.Abstractions": "4.2.0",
          "Docker.DotNet.Enhanced.LegacyHttp": "4.2.0",
          "Docker.DotNet.Enhanced.NPipe": "4.2.0",
          "Docker.DotNet.Enhanced.NativeHttp": "4.2.0",
          "Docker.DotNet.Enhanced.Unix": "4.2.0"
        }
      },
      "Docker.DotNet.Enhanced.Handler.Abstractions": {
        "type": "Transitive",
        "resolved": "4.2.0",
        "contentHash": "cQNxpdadEPdNdfjFCl9vgoCQIK3aVHRn1Qlu36aZUFpp4xHfPrk4hRPNVLR/CpobIFJ+dAt8AceTKMlCfPSccw=="
      },
      "Docker.DotNet.Enhanced.LegacyHttp": {
        "type": "Transitive",
        "resolved": "4.2.0",
        "contentHash": "sfbMX1HBPUec3PEMoqlP5ak6skXclcTBmu4gG3aUJatP34J2DgvYMP13bvz/rfrjVkAhPqnIiDKiHAkBCokajg==",
        "dependencies": {
          "Docker.DotNet.Enhanced.Handler.Abstractions": "4.2.0"
        }
      },
      "Docker.DotNet.Enhanced.NativeHttp": {
        "type": "Transitive",
        "resolved": "4.2.0",
        "contentHash": "/ll+2ePYm1qrsMdgMO5BzCQnbfTGmPJAc9SqXEManbliVBZvEpBKHXLugx/OeEca2oC/b4RV+UNPtue5u4jAuA==",
        "dependencies": {
          "Docker.DotNet.Enhanced.Handler.Abstractions": "4.2.0"
        }
      },
      "Docker.DotNet.Enhanced.NPipe": {
        "type": "Transitive",
        "resolved": "4.2.0",
        "contentHash": "8wyYOD6VkvqRkITwsvkt3UbW/1WDl6NFypNAsIIDaMiglNRzFrQcK0nK9VUEZa6Oja8Bso3UYySDoL8qatatAA==",
        "dependencies": {
          "Docker.DotNet.Enhanced.Handler.Abstractions": "4.2.0"
        }
      },
      "Docker.DotNet.Enhanced.Unix": {
        "type": "Transitive",
        "resolved": "4.2.0",
        "contentHash": "x0wNcbww1+p9nUfw8i+JvsSArBDGkoZ9GI2PZ1wPo85B2OiFrdzp89omounNhO2GKyaIRWAqAm5jYZyNg9EnxA==",
        "dependencies": {
          "Docker.DotNet.Enhanced.Handler.Abstractions": "4.2.0"
        }
      },
      "Docker.DotNet.Enhanced.X509": {
        "type": "Transitive",
        "resolved": "4.2.0",
        "contentHash": "nMw+FHGwGZieDi7kBgpIVl+E8MzjzXeXHvMQpidLADT06fts2Gw6G+K+p0hMGv7liZULxyYiZnQ1UbE2B9NNQg==",
        "dependencies": {
          "Docker.DotNet.Enhanced.Handler.Abstractions": "4.2.0"
        }
      },
      "EnumerableAsyncProcessor": {
        "type": "Transitive",
        "resolved": "3.8.4",
        "contentHash": "KlbpupRCz3Kf+P7gsiDvFXJ980i/9lfihMZFmmxIk0Gf6mopEjy74OTJZmdaKDQpE29eQDBnMZB5khyW3eugrg=="
      },
      "Fractions": {
        "type": "Transitive",
        "resolved": "7.3.0",
        "contentHash": "2bETFWLBc8b7Ut2SVi+bxhGVwiSpknHYGBh2PADyGWONLkTxT7bKyDRhF8ao+XUv90tq8Fl7GTPxSI5bacIRJw=="
      },
      "Humanizer.Core": {
        "type": "Transitive",
        "resolved": "3.0.1",
        "contentHash": "scB3+KcxNmEjZK5V8rKCW2gIiL8m8KH91w14FuuExyhi9xTyAJ+jr+DDxGdy12mHmioe2uvjxTfMgM7WmSUFlw=="
      },
      "Json.More.Net": {
        "type": "Transitive",
        "resolved": "2.2.0",
        "contentHash": "fiyEZJNgiCzDa7/N9bZ+CnM5qnawyJ54+CkHNZ2svwxWBWNNFzydJ7RlroqMdOjokGBiLcKIxdajNvOklzlYqQ=="
      },
      "JsonPatch.Net": {
        "type": "Transitive",
        "resolved": "4.0.1",
        "contentHash": "Omrc/UUtFIAtaCjFFGjIXVbx7sZbtDFqzzqVebCjU6AXkBrSGduNgGtGe6woY4zanRT/xN27srpIzp5H64q3Ng==",
        "dependencies": {
          "JsonPointer.Net": "6.0.1"
        }
      },
      "JsonPointer.Net": {
        "type": "Transitive",
        "resolved": "6.0.1",
        "contentHash": "EbSJkd/1y9r0WBIptjUctA6BzjgKh1aNU/g6QGgdMZVZ8wc0S/ysQhfiQerP9/VFTeENFHFdCQaoOk9fZqwnFQ==",
        "dependencies": {
          "Humanizer.Core": "3.0.1",
          "Json.More.Net": "2.2.0"
        }
      },
      "KubeOps.Abstractions": {
        "type": "Transitive",
        "resolved": "11.2.0",
        "contentHash": "tWU/Zdu8NksYk6qd3Z/xcZ7PZ8IHJoJeIliSFFwXW5YvHgKPyRVh0EfH2JFBPMBPUXcN2PTIKcZO9WwyO06fWw==",
        "dependencies": {
          "JsonPatch.Net": "4.0.1",
          "KubernetesClient": "19.0.2",
          "ZiggyCreatures.FusionCache": "2.6.0"
        }
      },
      "Localtunnel": {
        "type": "Transitive",
        "resolved": "2.0.0",
        "contentHash": "bCsY9WhDBPBrxf6vckEW+n3unM9R7IQJlmqr0E9q5RaWXcdjSdL+PrXh+PAMKv2WgI466GkbUYNiP5Ka8RInwg=="
      },
      "Microsoft.ApplicationInsights": {
        "type": "Transitive",
        "resolved": "2.23.0",
        "contentHash": "nWArUZTdU7iqZLycLKWe0TDms48KKGE6pONH2terYNa8REXiqixrMOkf1sk5DHGMaUTqONU2YkS4SAXBhLStgw=="
      },
      "Microsoft.Build.Tasks.Git": {
        "type": "Transitive",
        "resolved": "10.0.300",
        "contentHash": "P0kaQwVZx4xIUe2FtrLyBadYNXuAljttJUPvjBYRuHhPE8L77L42KakLDkaADRiUrGspoLcMwayjrbQhYTr0zA==",
        "dependencies": {
          "System.IO.Hashing": "10.0.8"
        }
      },
      "Microsoft.DiaSymReader": {
        "type": "Transitive",
        "resolved": "2.2.6",
        "contentHash": "UitZ43WYJQYmcuScLEDTR95EGulBwk2R4N2zLBhaka8frXGVioa6Bkcbc5Fib8UkHIdrnN1lyzOublenrfpgxA=="
      },
      "Microsoft.Extensions.DependencyModel": {
        "type": "Transitive",
        "resolved": "8.0.2",
        "contentHash": "mUBDZZRgZrSyFOsJ2qJJ9fXfqd/kXJwf3AiDoqLD9m6TjY5OO/vLNOb9fb4juC0487eq4hcGN/M2Rh/CKS7QYw=="
      },
      "Microsoft.SourceLink.Common": {
        "type": "Transitive",
        "resolved": "10.0.300",
        "contentHash": "0jlkXaUGjYlWTIVPve5MftjKHnT3SlAtq9BCLV4J9IjdPrxV/+4rMlBSjfr1khG8/GC6KGojjola8E1VvWF0qQ=="
      },
      "Microsoft.Testing.Extensions.CodeCoverage": {
        "type": "Transitive",
        "resolved": "18.7.0",
        "contentHash": "i7ifcFK6lzM5BHaROS4O7SAkk7L/gAeOwZxs3pyhn8hW73ZDTwQppovXNJL1bm1JBXL69HuI4DO5NzU8rhzIiA==",
        "dependencies": {
          "Microsoft.DiaSymReader": "2.2.6",
          "Microsoft.Extensions.DependencyModel": "8.0.2",
          "Microsoft.Testing.Platform": "2.2.1"
        }
      },
      "Microsoft.Testing.Extensions.Telemetry": {
        "type": "Transitive",
        "resolved": "2.2.3",
        "contentHash": "mLdW+JOR3kXYGTdgR/qc/UZBA0r+eCR2k6bUxTcuDj5w9WdIQ7Lol5MBUU7YOSGd9bs9bvhSYWAptgz0YtQqCA==",
        "dependencies": {
          "Microsoft.ApplicationInsights": "2.23.0",
          "Microsoft.Testing.Platform": "2.2.3"
        }
      },
      "Microsoft.Testing.Extensions.TrxReport": {
        "type": "Transitive",
        "resolved": "2.2.3",
        "contentHash": "9Hot3ty5ZVWHrW40k2NPfD0dCaPwIxj7j7VjujNYwpYkYw9AdbejPHjGNkL/gvUWorauJf5IkeDoUeIbS7LuUg==",
        "dependencies": {
          "Microsoft.Testing.Extensions.TrxReport.Abstractions": "2.2.3",
          "Microsoft.Testing.Platform": "2.2.3"
        }
      },
      "Microsoft.Testing.Extensions.TrxReport.Abstractions": {
        "type": "Transitive",
        "resolved": "2.2.3",
        "contentHash": "hntvxJEkmUAx6C2xXc/PO38DqEQl4rimzOgSvTR1hAMruMid7R4RcXOrzzF33J66gKaN7jRaQ0TMW/nNfaV9jw==",
        "dependencies": {
          "Microsoft.Testing.Platform": "2.2.3"
        }
      },
      "Microsoft.Testing.Platform": {
        "type": "Transitive",
        "resolved": "2.2.3",
        "contentHash": "LhM1/Qoi8Ams5QcD4r3f09CSOono9iQr3NEJQItFtyzWB55nWTgEOsVqXqMWWWIwk3nkPqc+XfnlJmp8xUI5fg=="
      },
      "Microsoft.Testing.Platform.MSBuild": {
        "type": "Transitive",
        "resolved": "2.2.3",
        "contentHash": "Q22jJYJLx4srTinsAuoCskqmzjrBJC8YeGJMHHIcrf1dQeHoEZ7wsqDzTlENkMoke2qfufF7U+9u58nlZunH/Q==",
        "dependencies": {
          "Microsoft.Testing.Platform": "2.2.3"
        }
      },
      "SharpZipLib": {
        "type": "Transitive",
        "resolved": "1.4.2",
        "contentHash": "yjj+3zgz8zgXpiiC3ZdF/iyTBbz2fFvMxZFEBPUcwZjIvXOf37Ylm+K58hqMfIBt5JgU/Z2uoUS67JmTLe973A=="
      },
      "SSH.NET": {
        "type": "Transitive",
        "resolved": "2025.1.0",
        "contentHash": "jrnbtf0ItVaXAe6jE8X/kSLa6uC+0C+7W1vepcnRQB/rD88qy4IxG7Lf1FIbWmkoc4iVXv0pKrz+Wc6J4ngmHw==",
        "dependencies": {
          "BouncyCastle.Cryptography": "2.6.2"
        }
      },
      "System.IO.Hashing": {
        "type": "Transitive",
        "resolved": "10.0.8",
        "contentHash": "+dJsbPJ3FyUbTZNplFj0RCKePFizmv6ewDV46JE9q/IVH4c3xTCftHfHelLsAKf0jryIPqgMb5GpS0x7TAY3mg=="
      },
      "System.Reflection.MetadataLoadContext": {
        "type": "Transitive",
        "resolved": "10.0.8",
        "contentHash": "w9sjhVDe4AKkyswUctVK3oCmZHaA7g+ZUG/xDmzgbsOGxmeRQA6lCQeAh6r75K0lcsLlfBzZXmsNblndyNJhxw=="
      },
      "Testcontainers": {
        "type": "Transitive",
        "resolved": "4.12.0",
        "contentHash": "PTZRdG1ZVkFMsFbc3cK/VUaOB5L3l4wYL+OkWAK33/cvgd/5FcmZlQ6NhMAl3PWBqYkpdWmeYmQW9U2OIXqtFA==",
        "dependencies": {
          "Docker.DotNet.Enhanced": "4.2.0",
          "Docker.DotNet.Enhanced.X509": "4.2.0",
          "SSH.NET": "2025.1.0",
          "SharpZipLib": "1.4.2"
        }
      },
      "TUnit.Assertions": {
        "type": "Transitive",
        "resolved": "1.51.0",
        "contentHash": "2fCFQt5Ak/5GAg2lwKbl6dtE+QWNXWkrRDaVBpNHXP7gdGWMdYiWEN4lk0nIV2wQ1fdphIKCxeUgPLaNqhTB6Q=="
      },
      "TUnit.Core": {
        "type": "Transitive",
        "resolved": "1.51.0",
        "contentHash": "IMZvEdfHDfiYyKvr/1kebjxdMXaGQbuLYSs/ywuhIjy/h0y9SyCgAnLykffXfaxx0PJyLGC6BC1C6SFSH3R4nA=="
      },
      "TUnit.Engine": {
        "type": "Transitive",
        "resolved": "1.51.0",
        "contentHash": "rASQmZp9KN9l+olvpI6XJHkFBdiXU5zGBktyLUe6nI1E1fP8aJm+7CnuG8JEQHpqQjYbFrNPOUTZlZiMa168cw==",
        "dependencies": {
          "EnumerableAsyncProcessor": "3.8.4",
          "Microsoft.Testing.Extensions.TrxReport.Abstractions": "2.2.3",
          "Microsoft.Testing.Platform": "2.2.3",
          "Microsoft.Testing.Platform.MSBuild": "2.2.3",
          "TUnit.Core": "1.51.0"
        }
      },
      "YamlDotNet": {
        "type": "Transitive",
        "resolved": "16.3.0",
        "contentHash": "SgMOdxbz8X65z8hraIs6hOEdnkH6hESTAIUa7viEngHOYaH+6q5XJmwr1+yb9vJpNQ19hCQY69xbFsLtXpobQA=="
      },
      "ZiggyCreatures.FusionCache": {
        "type": "Transitive",
        "resolved": "2.6.0",
        "contentHash": "BCe+/SkwQZfaMpq2ZGDZB2pyx6BdGnP+zxqjMM/5K+4PBuH6hljZeIqH4KVzQ26khSbPsQ7IiYZl0Fve4OZOog=="
      },
      "mcoperator": {
        "type": "Project",
        "dependencies": {
          "KubeOps.KubernetesClient": "[11.2.0, )",
          "KubeOps.Operator": "[11.2.0, )",
          "KubeOps.Operator.Web": "[11.2.0, )",
          "KubeOps.Transpiler": "[11.2.0, )"
        }
      },
      "KubeOps.KubernetesClient": {
        "type": "CentralTransitive",
        "requested": "[11.2.0, )",
        "resolved": "11.2.0",
        "contentHash": "pIu2mvxhvGQINOQR8heVcRBJnpX7dE61e5artyTa5GdfsScEzZY60gBHTAPHVRD5qMx472ukt4Gv+K30Uq4A8g==",
        "dependencies": {
          "KubeOps.Abstractions": "11.2.0",
          "KubeOps.Transpiler": "11.2.0"
        }
      },
      "KubeOps.Operator": {
        "type": "CentralTransitive",
        "requested": "[11.2.0, )",
        "resolved": "11.2.0",
        "contentHash": "sXYRMX531Fc7hLD433CRtJz29YNjbf9m1gKV9JhQgZEfUaP4FVMpBhR474lBFwIpGiMlbOdE6XG6SYvz6wCTFQ==",
        "dependencies": {
          "KubeOps.Abstractions": "11.2.0",
          "KubeOps.KubernetesClient": "11.2.0",
          "KubeOps.Transpiler": "11.2.0"
        }
      },
      "KubeOps.Operator.Web": {
        "type": "CentralTransitive",
        "requested": "[11.2.0, )",
        "resolved": "11.2.0",
        "contentHash": "9DxXhVHxc6bFqo31c2L6KGaV/biHMcWQy21d4ZYKbZAqFz4/yyZNbf2NS05kzmP+aidF38N1NXGO1a8LN+zqTQ==",
        "dependencies": {
          "KubeOps.Abstractions": "11.2.0",
          "KubeOps.Operator": "11.2.0",
          "Localtunnel": "2.0.0"
        }
      },
      "KubeOps.Transpiler": {
        "type": "CentralTransitive",
        "requested": "[11.2.0, )",
        "resolved": "11.2.0",
        "contentHash": "91AU5o2bCssucbG4MvRiMnNbsiQ1M0lSzcxT65OTpTBnJBdrJqtUROpPlkYvnMIkxysnQXg7xZW3ubh8LfqyJA==",
        "dependencies": {
          "KubeOps.Abstractions": "11.2.0",
          "System.Reflection.MetadataLoadContext": "10.0.8"
        }
      }
    }
  }
}