{
  "version": 2,
  "dependencies": {
    "net10.0": {
      "KubeOps.KubernetesClient": {
        "type": "Direct",
        "requested": "[11.3.0, )",
        "resolved": "11.3.0",
        "contentHash": "68uLlObxYEpYr4r0+s3aqoTECnS7e53uT4bgIouckwCKO2lr0mlDSWuP5pkwfRRowMoXLIAMRfbRZEp9Dv7jtg==",
        "dependencies": {
          "KubeOps.Abstractions": "11.3.0",
          "KubeOps.Transpiler": "11.3.0"
        }
      },
      "KubeOps.Operator": {
        "type": "Direct",
        "requested": "[11.3.0, )",
        "resolved": "11.3.0",
        "contentHash": "nzSV+NCduYL3en82bAlLDXB0qZZ8h1wzAWluDXGvXZUKsyJz7y98wL4C2vOAl5FjxYDUfraphxmGpYDUOjV99A==",
        "dependencies": {
          "KubeOps.Abstractions": "11.3.0",
          "KubeOps.KubernetesClient": "11.3.0",
          "KubeOps.Transpiler": "11.3.0"
        }
      },
      "KubeOps.Operator.Web": {
        "type": "Direct",
        "requested": "[11.3.0, )",
        "resolved": "11.3.0",
        "contentHash": "ozjHEx84qPNiinwJc1ezjUjIP7pMT8Emh0+O7pJKyLV51jIePGgv0iHjWAfZllGll8D/LKvvD++T2ALG0dxUjA==",
        "dependencies": {
          "KubeOps.Abstractions": "11.3.0",
          "KubeOps.Operator": "11.3.0",
          "Localtunnel": "2.0.0"
        }
      },
      "KubeOps.Transpiler": {
        "type": "Direct",
        "requested": "[11.3.0, )",
        "resolved": "11.3.0",
        "contentHash": "qB6DpJa0b9K7SQWBasC+arrtl8a6tj5eDdK0VNDd0yJ68tsf3T7T+nmHYnLf4cv70YlN/Z9DZl/PDGV5Nsozxg==",
        "dependencies": {
          "KubeOps.Abstractions": "11.3.0",
          "System.Reflection.MetadataLoadContext": "10.0.9"
        }
      },
      "Microsoft.SourceLink.GitHub": {
        "type": "Direct",
        "requested": "[10.0.300, )",
        "resolved": "10.0.300",
        "contentHash": "QzCtLkXVb3l4IxcpvJCbzUwMLihAmLN6vVLjQGSzYSF8d2dvXxqJAZk83RV3gYnp2egz8jRMgSR2woY3vOahTA==",
        "dependencies": {
          "Microsoft.Build.Tasks.Git": "10.0.300",
          "Microsoft.SourceLink.Common": "10.0.300",
          "System.IO.Hashing": "10.0.8"
        }
      },
      "Fractions": {
        "type": "Transitive",
        "resolved": "7.3.0",
        "contentHash": "2bETFWLBc8b7Ut2SVi+bxhGVwiSpknHYGBh2PADyGWONLkTxT7bKyDRhF8ao+XUv90tq8Fl7GTPxSI5bacIRJw=="
      },
      "Humanizer.Core": {
        "type": "Transitive",
        "resolved": "3.0.1",
        "contentHash": "scB3+KcxNmEjZK5V8rKCW2gIiL8m8KH91w14FuuExyhi9xTyAJ+jr+DDxGdy12mHmioe2uvjxTfMgM7WmSUFlw=="
      },
      "Json.More.Net": {
        "type": "Transitive",
        "resolved": "2.2.0",
        "contentHash": "fiyEZJNgiCzDa7/N9bZ+CnM5qnawyJ54+CkHNZ2svwxWBWNNFzydJ7RlroqMdOjokGBiLcKIxdajNvOklzlYqQ=="
      },
      "JsonPatch.Net": {
        "type": "Transitive",
        "resolved": "4.0.1",
        "contentHash": "Omrc/UUtFIAtaCjFFGjIXVbx7sZbtDFqzzqVebCjU6AXkBrSGduNgGtGe6woY4zanRT/xN27srpIzp5H64q3Ng==",
        "dependencies": {
          "JsonPointer.Net": "6.0.1"
        }
      },
      "JsonPointer.Net": {
        "type": "Transitive",
        "resolved": "6.0.1",
        "contentHash": "EbSJkd/1y9r0WBIptjUctA6BzjgKh1aNU/g6QGgdMZVZ8wc0S/ysQhfiQerP9/VFTeENFHFdCQaoOk9fZqwnFQ==",
        "dependencies": {
          "Humanizer.Core": "3.0.1",
          "Json.More.Net": "2.2.0"
        }
      },
      "KubeOps.Abstractions": {
        "type": "Transitive",
        "resolved": "11.3.0",
        "contentHash": "RIsAroQ2fNhYl9BibF6mjvhEMFHHZPrqDKSxPna4OqUdEqBqLn7Wr16zmwcyd+uAD0CtKnDb+KKrbQQhfKt7vw==",
        "dependencies": {
          "JsonPatch.Net": "4.0.1",
          "KubernetesClient": "19.0.2",
          "ZiggyCreatures.FusionCache": "2.6.0"
        }
      },
      "Localtunnel": {
        "type": "Transitive",
        "resolved": "2.0.0",
        "contentHash": "bCsY9WhDBPBrxf6vckEW+n3unM9R7IQJlmqr0E9q5RaWXcdjSdL+PrXh+PAMKv2WgI466GkbUYNiP5Ka8RInwg=="
      },
      "Microsoft.Build.Tasks.Git": {
        "type": "Transitive",
        "resolved": "10.0.300",
        "contentHash": "P0kaQwVZx4xIUe2FtrLyBadYNXuAljttJUPvjBYRuHhPE8L77L42KakLDkaADRiUrGspoLcMwayjrbQhYTr0zA==",
        "dependencies": {
          "System.IO.Hashing": "10.0.8"
        }
      },
      "Microsoft.SourceLink.Common": {
        "type": "Transitive",
        "resolved": "10.0.300",
        "contentHash": "0jlkXaUGjYlWTIVPve5MftjKHnT3SlAtq9BCLV4J9IjdPrxV/+4rMlBSjfr1khG8/GC6KGojjola8E1VvWF0qQ=="
      },
      "System.IO.Hashing": {
        "type": "Transitive",
        "resolved": "10.0.8",
        "contentHash": "+dJsbPJ3FyUbTZNplFj0RCKePFizmv6ewDV46JE9q/IVH4c3xTCftHfHelLsAKf0jryIPqgMb5GpS0x7TAY3mg=="
      },
      "System.Reflection.MetadataLoadContext": {
        "type": "Transitive",
        "resolved": "10.0.9",
        "contentHash": "R/Zuc7ZM2rKeBM/b1Y9oS+WaRGgqw64maJiULAx4JlGL4eYZEXti3CxGq+dlthfGRx4UP1ie8T7T9n8MD3hKQw=="
      },
      "YamlDotNet": {
        "type": "Transitive",
        "resolved": "16.3.0",
        "contentHash": "SgMOdxbz8X65z8hraIs6hOEdnkH6hESTAIUa7viEngHOYaH+6q5XJmwr1+yb9vJpNQ19hCQY69xbFsLtXpobQA=="
      },
      "ZiggyCreatures.FusionCache": {
        "type": "Transitive",
        "resolved": "2.6.0",
        "contentHash": "BCe+/SkwQZfaMpq2ZGDZB2pyx6BdGnP+zxqjMM/5K+4PBuH6hljZeIqH4KVzQ26khSbPsQ7IiYZl0Fve4OZOog=="
      },
      "KubernetesClient": {
        "type": "CentralTransitive",
        "requested": "[19.0.2, )",
        "resolved": "19.0.2",
        "contentHash": "0m8FuzCDBygaXMbsb7qVapNZzTm4ftM7ECp/waTRh/XOUQziRF2rKJCRmsvYbBXgJkQvU+FBbkoa40hexzDC+g==",
        "dependencies": {
          "Fractions": "7.3.0",
          "YamlDotNet": "16.3.0"
        }
      }
    }
  }
}