{
  "version": 2,
  "dependencies": {
    "net10.0": {
      "KubeOps.KubernetesClient": {
        "type": "Direct",
        "requested": "[10.4.0, )",
        "resolved": "10.4.0",
        "contentHash": "dr/YcG4N7t7bYyiHtrG4hlaJEnYTCVSNYwjbD/slRo5k12926ONw5jloADq9V2oMZEMD2XOR8D7omNNsU2tbiA==",
        "dependencies": {
          "KubeOps.Abstractions": "10.4.0",
          "KubeOps.Transpiler": "10.4.0"
        }
      },
      "KubeOps.Operator": {
        "type": "Direct",
        "requested": "[10.4.0, )",
        "resolved": "10.4.0",
        "contentHash": "bXRiNzT8MIanFkB1uly89VzyxmzlRvQVs0XhYmpQn6W72i0i8lEvnppZTCRd+WChd35Tnd08oxYZfig//2ROvQ==",
        "dependencies": {
          "KubeOps.Abstractions": "10.4.0",
          "KubeOps.KubernetesClient": "10.4.0",
          "KubeOps.Transpiler": "10.4.0"
        }
      },
      "KubeOps.Operator.Web": {
        "type": "Direct",
        "requested": "[10.4.0, )",
        "resolved": "10.4.0",
        "contentHash": "m48qtXux0fI/ZYNv6nK4r+C7cl7i8bFHh/glmHlMx60IJFjre+IE5QXy5KkEfzA2KuPeqQFfI3V4TYP6OcmxPg==",
        "dependencies": {
          "KubeOps.Abstractions": "10.4.0",
          "KubeOps.Operator": "10.4.0",
          "Localtunnel": "2.0.0"
        }
      },
      "KubeOps.Transpiler": {
        "type": "Direct",
        "requested": "[10.4.0, )",
        "resolved": "10.4.0",
        "contentHash": "n4nVBI842beP4I/lbP9BkH4cdB/zId34jkph/kp9wacHYLTyU6utR+IBwmrGp04lB/X/W80VNGDoVjMEHH9XzQ==",
        "dependencies": {
          "KubeOps.Abstractions": "10.4.0",
          "System.Reflection.MetadataLoadContext": "10.0.7"
        }
      },
      "Microsoft.SourceLink.GitHub": {
        "type": "Direct",
        "requested": "[10.0.203, )",
        "resolved": "10.0.203",
        "contentHash": "R4Tvr1oACImMS+Y5M7NM07ll9QyJSKnki3Dvz8QwG1W6FEmd+9fmZXAF6BE6UPswHF6n0v41wgMQGlaudOspqA==",
        "dependencies": {
          "Microsoft.Build.Tasks.Git": "10.0.203",
          "Microsoft.SourceLink.Common": "10.0.203",
          "System.IO.Hashing": "10.0.7"
        }
      },
      "Fractions": {
        "type": "Transitive",
        "resolved": "7.3.0",
        "contentHash": "2bETFWLBc8b7Ut2SVi+bxhGVwiSpknHYGBh2PADyGWONLkTxT7bKyDRhF8ao+XUv90tq8Fl7GTPxSI5bacIRJw=="
      },
      "Humanizer.Core": {
        "type": "Transitive",
        "resolved": "3.0.1",
        "contentHash": "scB3+KcxNmEjZK5V8rKCW2gIiL8m8KH91w14FuuExyhi9xTyAJ+jr+DDxGdy12mHmioe2uvjxTfMgM7WmSUFlw=="
      },
      "Json.More.Net": {
        "type": "Transitive",
        "resolved": "2.2.0",
        "contentHash": "fiyEZJNgiCzDa7/N9bZ+CnM5qnawyJ54+CkHNZ2svwxWBWNNFzydJ7RlroqMdOjokGBiLcKIxdajNvOklzlYqQ=="
      },
      "JsonPatch.Net": {
        "type": "Transitive",
        "resolved": "4.0.1",
        "contentHash": "Omrc/UUtFIAtaCjFFGjIXVbx7sZbtDFqzzqVebCjU6AXkBrSGduNgGtGe6woY4zanRT/xN27srpIzp5H64q3Ng==",
        "dependencies": {
          "JsonPointer.Net": "6.0.1"
        }
      },
      "JsonPointer.Net": {
        "type": "Transitive",
        "resolved": "6.0.1",
        "contentHash": "EbSJkd/1y9r0WBIptjUctA6BzjgKh1aNU/g6QGgdMZVZ8wc0S/ysQhfiQerP9/VFTeENFHFdCQaoOk9fZqwnFQ==",
        "dependencies": {
          "Humanizer.Core": "3.0.1",
          "Json.More.Net": "2.2.0"
        }
      },
      "KubeOps.Abstractions": {
        "type": "Transitive",
        "resolved": "10.4.0",
        "contentHash": "30hX7VnPgXs0lu2hWwSKHuPhJufSbjuoH2KNhcaJQJPkZVRuGdwQPt/l3ITui/ZbnlAPv2+fggcZeLgmkCNY3Q==",
        "dependencies": {
          "JsonPatch.Net": "4.0.1",
          "KubernetesClient": "19.0.2",
          "ZiggyCreatures.FusionCache": "2.6.0"
        }
      },
      "Localtunnel": {
        "type": "Transitive",
        "resolved": "2.0.0",
        "contentHash": "bCsY9WhDBPBrxf6vckEW+n3unM9R7IQJlmqr0E9q5RaWXcdjSdL+PrXh+PAMKv2WgI466GkbUYNiP5Ka8RInwg=="
      },
      "Microsoft.Build.Tasks.Git": {
        "type": "Transitive",
        "resolved": "10.0.203",
        "contentHash": "m56WtzvIcL6t7JR3c7ogYitHizNM2QnRSo8yqxrQi+m5E/GGyDEmqymP+2p6YsFXn0j/Tzz67s4FQnrTLC7GKQ==",
        "dependencies": {
          "System.IO.Hashing": "10.0.7"
        }
      },
      "Microsoft.SourceLink.Common": {
        "type": "Transitive",
        "resolved": "10.0.203",
        "contentHash": "QYAnhBCOkT3ZUT/fHag11+bamwlbZ3U9Vi/WfKrD9emdUf1t3aqjWv0V2KtEGHSRSC81aBc8Oy/mvyGpEYd9Pg=="
      },
      "System.IO.Hashing": {
        "type": "Transitive",
        "resolved": "10.0.7",
        "contentHash": "6hsjdSr4VOXSOnhALkYplHpAxnTG1J33YN42IB6nH2fEg4QnJqrZ4Ft+qn7mkrKAOYC8pCSFYwVWw6rQbmwgLQ=="
      },
      "System.Reflection.MetadataLoadContext": {
        "type": "Transitive",
        "resolved": "10.0.7",
        "contentHash": "XDkKntYPUaANhLVdo7AHbrJ+QbUAY5u/T7lG5rHSx5kLxeHceoc3JcIMVAc/vZT+3rbwFYlrdnikxdi6G+2nvA=="
      },
      "YamlDotNet": {
        "type": "Transitive",
        "resolved": "16.3.0",
        "contentHash": "SgMOdxbz8X65z8hraIs6hOEdnkH6hESTAIUa7viEngHOYaH+6q5XJmwr1+yb9vJpNQ19hCQY69xbFsLtXpobQA=="
      },
      "ZiggyCreatures.FusionCache": {
        "type": "Transitive",
        "resolved": "2.6.0",
        "contentHash": "BCe+/SkwQZfaMpq2ZGDZB2pyx6BdGnP+zxqjMM/5K+4PBuH6hljZeIqH4KVzQ26khSbPsQ7IiYZl0Fve4OZOog=="
      },
      "KubernetesClient": {
        "type": "CentralTransitive",
        "requested": "[19.0.2, )",
        "resolved": "19.0.2",
        "contentHash": "0m8FuzCDBygaXMbsb7qVapNZzTm4ftM7ECp/waTRh/XOUQziRF2rKJCRmsvYbBXgJkQvU+FBbkoa40hexzDC+g==",
        "dependencies": {
          "Fractions": "7.3.0",
          "YamlDotNet": "16.3.0"
        }
      }
    }
  }
}