{
  "version": 2,
  "dependencies": {
    "net10.0": {
      "KubeOps.KubernetesClient": {
        "type": "Direct",
        "requested": "[13.1.0, )",
        "resolved": "13.1.0",
        "contentHash": "yl6FlpIE41LZzROdh4hWuIDk6HeMN1Q8KnZ3WljKVKQWW7/hRIX+GhXeCt2TeJ6xrogqZgF1mivjTXxcZQlj5g==",
        "dependencies": {
          "KubeOps.Abstractions": "13.1.0",
          "KubeOps.Transpiler": "13.1.0"
        }
      },
      "KubeOps.Operator": {
        "type": "Direct",
        "requested": "[13.1.0, )",
        "resolved": "13.1.0",
        "contentHash": "Zl0Wdk0TVtSAd26dPfh1ga22PIDbBrz7/vxAPvhrBrxcOoabDtpFsZdebNJGtXKxn4VPy/Z+mOTdY4wCH/ZQpg==",
        "dependencies": {
          "KubeOps.Abstractions": "13.1.0",
          "KubeOps.KubernetesClient": "13.1.0",
          "KubeOps.Transpiler": "13.1.0"
        }
      },
      "KubeOps.Operator.Web": {
        "type": "Direct",
        "requested": "[13.1.0, )",
        "resolved": "13.1.0",
        "contentHash": "aQTAS/mxWDWGIc7DGf/3mkP6uhn50435UIMAxhc+Cwgmp6Tw6zVxiC0oN8c6dK0UpYI0MLeZyUNZFgEh2F/ekg==",
        "dependencies": {
          "KubeOps.Abstractions": "13.1.0",
          "KubeOps.Operator": "13.1.0",
          "Localtunnel": "2.0.0",
          "OpenTelemetry.Exporter.Prometheus.AspNetCore": "1.17.0-beta.1"
        }
      },
      "KubeOps.Transpiler": {
        "type": "Direct",
        "requested": "[13.1.0, )",
        "resolved": "13.1.0",
        "contentHash": "HR0KsSOcIJELWDEaA6Z4MWTtZiDi2M2Z5VEXn/oxY2rVWllfE7it+5/Q3bTDOvVM8DG8giDwAniniVvEi1/YZg==",
        "dependencies": {
          "KubeOps.Abstractions": "13.1.0",
          "System.Reflection.MetadataLoadContext": "10.0.10"
        }
      },
      "Microsoft.SourceLink.GitHub": {
        "type": "Direct",
        "requested": "[10.0.301, )",
        "resolved": "10.0.301",
        "contentHash": "S9U9Ye2bylMeDkzdNh+TsbRUNr6rkBORrnXDk45maPIxVvTmHV1SN2/qtZ/6yO7cdWmQv1LHv77yIeG6Q3nvMQ==",
        "dependencies": {
          "Microsoft.Build.Tasks.Git": "10.0.301",
          "Microsoft.SourceLink.Common": "10.0.301",
          "System.IO.Hashing": "10.0.10"
        }
      },
      "Fractions": {
        "type": "Transitive",
        "resolved": "7.3.0",
        "contentHash": "2bETFWLBc8b7Ut2SVi+bxhGVwiSpknHYGBh2PADyGWONLkTxT7bKyDRhF8ao+XUv90tq8Fl7GTPxSI5bacIRJw=="
      },
      "Humanizer.Core": {
        "type": "Transitive",
        "resolved": "3.0.1",
        "contentHash": "scB3+KcxNmEjZK5V8rKCW2gIiL8m8KH91w14FuuExyhi9xTyAJ+jr+DDxGdy12mHmioe2uvjxTfMgM7WmSUFlw=="
      },
      "Json.More.Net": {
        "type": "Transitive",
        "resolved": "2.2.0",
        "contentHash": "fiyEZJNgiCzDa7/N9bZ+CnM5qnawyJ54+CkHNZ2svwxWBWNNFzydJ7RlroqMdOjokGBiLcKIxdajNvOklzlYqQ=="
      },
      "JsonPatch.Net": {
        "type": "Transitive",
        "resolved": "4.0.1",
        "contentHash": "Omrc/UUtFIAtaCjFFGjIXVbx7sZbtDFqzzqVebCjU6AXkBrSGduNgGtGe6woY4zanRT/xN27srpIzp5H64q3Ng==",
        "dependencies": {
          "JsonPointer.Net": "6.0.1"
        }
      },
      "JsonPointer.Net": {
        "type": "Transitive",
        "resolved": "6.0.1",
        "contentHash": "EbSJkd/1y9r0WBIptjUctA6BzjgKh1aNU/g6QGgdMZVZ8wc0S/ysQhfiQerP9/VFTeENFHFdCQaoOk9fZqwnFQ==",
        "dependencies": {
          "Humanizer.Core": "3.0.1",
          "Json.More.Net": "2.2.0"
        }
      },
      "KubeOps.Abstractions": {
        "type": "Transitive",
        "resolved": "13.1.0",
        "contentHash": "WvPxJjhbqo6Y59mcaASN/dAFoyr4rX+bZhKbqNk+vcNgV06xuB+d0lM+4DZKo+hBc8bASwrNpLPx51JndRx8lg==",
        "dependencies": {
          "JsonPatch.Net": "4.0.1",
          "KubernetesClient": "19.0.2",
          "ZiggyCreatures.FusionCache": "2.6.0"
        }
      },
      "Localtunnel": {
        "type": "Transitive",
        "resolved": "2.0.0",
        "contentHash": "bCsY9WhDBPBrxf6vckEW+n3unM9R7IQJlmqr0E9q5RaWXcdjSdL+PrXh+PAMKv2WgI466GkbUYNiP5Ka8RInwg=="
      },
      "Microsoft.Build.Tasks.Git": {
        "type": "Transitive",
        "resolved": "10.0.301",
        "contentHash": "9Tah8f2BYuXlff9nIsJAeQJcqnijJTXNraIcTOF2f/f9kLmg0HNWPlMemnD6FBLd/UQcE0s9Vze2zCkA6nrZAA==",
        "dependencies": {
          "System.IO.Hashing": "10.0.10"
        }
      },
      "Microsoft.SourceLink.Common": {
        "type": "Transitive",
        "resolved": "10.0.301",
        "contentHash": "oz44EclJdAYVZcRb9dSbWd+6RaE+8a4j5zdE+O7yw5qPRZZhu3pcpDZ/Moy6pLeIXZqBP1FMd8CSE0sgJAGV0g=="
      },
      "OpenTelemetry": {
        "type": "Transitive",
        "resolved": "1.17.0",
        "contentHash": "rMLOTftlMlTm7+MSrvXDHnJRjVkROFNKXHZrYjOsX+LankaFG7QSflx7qRRGjoqZoirohnxmJQ7GEb9occO4Gg==",
        "dependencies": {
          "OpenTelemetry.Api.ProviderBuilderExtensions": "1.17.0"
        }
      },
      "OpenTelemetry.Api": {
        "type": "Transitive",
        "resolved": "1.17.0",
        "contentHash": "mSBxzomZgHIJu9CyVNqyDu/n2JHEtqVgfcCD1Br0cV5iLYogjZOMqhlVLt99PEp+0KGBNUR3GXgeOdN2GR3F9g=="
      },
      "OpenTelemetry.Api.ProviderBuilderExtensions": {
        "type": "Transitive",
        "resolved": "1.17.0",
        "contentHash": "Xgc3Qf9B9TFMFpx6exTdGqMWuYIT2miNzkdMPutVvT9YuMFaEovXWke1Gb6z8NxYaQbbGF38vYLuSg1JCeui5Q==",
        "dependencies": {
          "OpenTelemetry.Api": "1.17.0"
        }
      },
      "OpenTelemetry.Exporter.Prometheus.AspNetCore": {
        "type": "Transitive",
        "resolved": "1.17.0-beta.1",
        "contentHash": "eecXu43HkY7LFJDutrQ6kpwvUOMDeqLMtU+UeN225ckXw33qN/StTcdW6mTHH1jDSYdFM29vvDXB3jnFwPHkXg==",
        "dependencies": {
          "OpenTelemetry": "[1.17.0, 2.0.0)"
        }
      },
      "System.IO.Hashing": {
        "type": "Transitive",
        "resolved": "10.0.10",
        "contentHash": "eE839zyWZD/UBZYzP2lu9fhHX6RWe63/jz3Jxf+JumzO/db+Vc2s7CMiDwxk9ti2NTUft2tdRx31Rw2OjKbecA=="
      },
      "System.Reflection.MetadataLoadContext": {
        "type": "Transitive",
        "resolved": "10.0.10",
        "contentHash": "7f8JfUA85nD2yOrTX9fhuHPp8P01qqnbGTtRiMK6rwNhS1jNLqoCJfdzLMOIZY8b9sBoAX3eOH04k1fWeCgOYQ=="
      },
      "YamlDotNet": {
        "type": "Transitive",
        "resolved": "16.3.0",
        "contentHash": "SgMOdxbz8X65z8hraIs6hOEdnkH6hESTAIUa7viEngHOYaH+6q5XJmwr1+yb9vJpNQ19hCQY69xbFsLtXpobQA=="
      },
      "ZiggyCreatures.FusionCache": {
        "type": "Transitive",
        "resolved": "2.6.0",
        "contentHash": "BCe+/SkwQZfaMpq2ZGDZB2pyx6BdGnP+zxqjMM/5K+4PBuH6hljZeIqH4KVzQ26khSbPsQ7IiYZl0Fve4OZOog=="
      },
      "KubernetesClient": {
        "type": "CentralTransitive",
        "requested": "[19.0.2, )",
        "resolved": "19.0.2",
        "contentHash": "0m8FuzCDBygaXMbsb7qVapNZzTm4ftM7ECp/waTRh/XOUQziRF2rKJCRmsvYbBXgJkQvU+FBbkoa40hexzDC+g==",
        "dependencies": {
          "Fractions": "7.3.0",
          "YamlDotNet": "16.3.0"
        }
      }
    }
  }
}